// !$*UTF8*$!
{
	archiveVersion = 1;
	classes = {
	};
	objectVersion = 48;
	objects = {

/* Begin PBXFileReference section */
		318AFFC61FF8942F001009C0 /* main.cpp */ = {isa = PBXFileReference; lastKnownFileType = sourcecode.cpp.cpp; path = main.cpp; sourceTree = "<group>"; };
		318AFFC71FF8942F001009C0 /* main.hpp */ = {isa = PBXFileReference; lastKnownFileType = sourcecode.cpp.h; path = main.hpp; sourceTree = "<group>"; };
/* End PBXFileReference section */

/* Begin PBXGroup section */
		318AFFBF1FF893DE001009C0 = {
			isa = PBXGroup;
			children = (
				318AFFC61FF8942F001009C0 /* main.cpp */,
				318AFFC71FF8942F001009C0 /* main.hpp */,
			);
			sourceTree = "<group>";
		};
/* End PBXGroup section */

/* Begin PBXProject section */
		318AFFC01FF893DE001009C0 /* Project object */ = {
			isa = PBXProject;
			attributes = {
				LastUpgradeCheck = 0920;
			};
			buildConfigurationList = 318AFFC31FF893DE001009C0 /* Build configuration list for PBXProject "Group_Anagrams" */;
			compatibilityVersion = "Xcode 8.0";
			developmentRegion = en;
			hasScannedForEncodings = 0;
			knownRegions = (
				en,
			);
			mainGroup = 318AFFBF1FF893DE001009C0;
			projectDirPath = "";
			projectRoot = "";
			targets = (
			);
		};
/* End PBXProject section */

/* Begin XCBuildConfiguration section */
		318AFFC41FF893DE001009C0 /* Debug */ = {
			isa = XCBuildConfiguration;
			buildSettings = {
			};
			name = Debug;
		};
		318AFFC51FF893DE001009C0 /* Release */ = {
			isa = XCBuildConfiguration;
			buildSettings = {
			};
			name = Release;
		};
/* End XCBuildConfiguration section */

/* Begin XCConfigurationList section */
		318AFFC31FF893DE001009C0 /* Build configuration list for PBXProject "Group_Anagrams" */ = {
			isa = XCConfigurationList;
			buildConfigurations = (
				318AFFC41FF893DE001009C0 /* Debug */,
				318AFFC51FF893DE001009C0 /* Release */,
			);
			defaultConfigurationIsVisible = 0;
			defaultConfigurationName = Release;
		};
/* End XCConfigurationList section */
	};
	rootObject = 318AFFC01FF893DE001009C0 /* Project object */;
}
